// !$*UTF8*$!
{
	archiveVersion = 1;
	classes = {
	};
	objectVersion = 50;
	objects = {

/* Begin PBXBuildFile section */
		46D655ADAEE77A0A73EFD7E6 /* Pods_WTests.framework in Frameworks */ = {isa = PBXBuildFile; fileRef = BEFA6DB62B00286047645816 /* Pods_WTests.framework */; };
		83296532212813A9006D2B05 /* AppDelegate.swift in Sources */ = {isa = PBXBuildFile; fileRef = 83296531212813A9006D2B05 /* AppDelegate.swift */; };
		83296534212813A9006D2B05 /* ViewController.swift in Sources */ = {isa = PBXBuildFile; fileRef = 83296533212813A9006D2B05 /* ViewController.swift */; };
		83296539212813AA006D2B05 /* Assets.xcassets in Resources */ = {isa = PBXBuildFile; fileRef = 83296538212813AA006D2B05 /* Assets.xcassets */; };
		8329653C212813AA006D2B05 /* LaunchScreen.storyboard in Resources */ = {isa = PBXBuildFile; fileRef = 8329653A212813AA006D2B05 /* LaunchScreen.storyboard */; };
		83296547212813AA006D2B05 /* WTests.swift in Sources */ = {isa = PBXBuildFile; fileRef = 83296546212813AA006D2B05 /* WTests.swift */; };
		83296552212813AA006D2B05 /* WUITests.swift in Sources */ = {isa = PBXBuildFile; fileRef = 83296551212813AA006D2B05 /* WUITests.swift */; };
		8329658721281419006D2B05 /* Main.storyboard in Resources */ = {isa = PBXBuildFile; fileRef = 8329658621281419006D2B05 /* Main.storyboard */; };
		8329658921281514006D2B05 /* AppConfig.swift in Sources */ = {isa = PBXBuildFile; fileRef = 8329658821281513006D2B05 /* AppConfig.swift */; };
		83478E982128262C00398053 /* TrainingSessionsViewController.swift in Sources */ = {isa = PBXBuildFile; fileRef = 83478E972128262C00398053 /* TrainingSessionsViewController.swift */; };
		83478E9A21282A7500398053 /* TrainingSessionClient.swift in Sources */ = {isa = PBXBuildFile; fileRef = 83478E9921282A7500398053 /* TrainingSessionClient.swift */; };
		83478E9E21282C0A00398053 /* TrainingSessionsViewControllerSpec.swift in Sources */ = {isa = PBXBuildFile; fileRef = 83478E9D21282C0A00398053 /* TrainingSessionsViewControllerSpec.swift */; };
		83478EA12128306E00398053 /* MockTrainingSessionClient.swift in Sources */ = {isa = PBXBuildFile; fileRef = 83478EA02128306E00398053 /* MockTrainingSessionClient.swift */; };
		83478EA52128358000398053 /* TrainingSessionTableCell.xib in Resources */ = {isa = PBXBuildFile; fileRef = 83478EA42128358000398053 /* TrainingSessionTableCell.xib */; };
		83478EA72128379D00398053 /* TrainingSession.swift in Sources */ = {isa = PBXBuildFile; fileRef = 83478EA62128379D00398053 /* TrainingSession.swift */; };
		83478EA92129645100398053 /* TrainingSessionClientSpec.swift in Sources */ = {isa = PBXBuildFile; fileRef = 83478EA82129645100398053 /* TrainingSessionClientSpec.swift */; };
		83944A09212C124100377CA5 /* TrainingSessionTableViewCell.swift in Sources */ = {isa = PBXBuildFile; fileRef = 83944A08212C124100377CA5 /* TrainingSessionTableViewCell.swift */; };
		A561B79F002B01AF494F66CC /* Pods_W.framework in Frameworks */ = {isa = PBXBuildFile; fileRef = CCAE09522D899DDBC9301571 /* Pods_W.framework */; };
		FAB1A1071928CD400A86BD10 /* Pods_WUITests.framework in Frameworks */ = {isa = PBXBuildFile; fileRef = 2D1B286091EE19E9E4D85357 /* Pods_WUITests.framework */; };
/* End PBXBuildFile section */

/* Begin PBXContainerItemProxy section */
		83296543212813AA006D2B05 /* PBXContainerItemProxy */ = {
			isa = PBXContainerItemProxy;
			containerPortal = 83296526212813A9006D2B05 /* Project object */;
			proxyType = 1;
			remoteGlobalIDString = 8329652D212813A9006D2B05;
			remoteInfo = W;
		};
		8329654E212813AA006D2B05 /* PBXContainerItemProxy */ = {
			isa = PBXContainerItemProxy;
			containerPortal = 83296526212813A9006D2B05 /* Project object */;
			proxyType = 1;
			remoteGlobalIDString = 8329652D212813A9006D2B05;
			remoteInfo = W;
		};
/* End PBXContainerItemProxy section */

/* Begin PBXFileReference section */
		1F9DC2C43E46A4414620FB2A /* Pods-WTests.release.xcconfig */ = {isa = PBXFileReference; includeInIndex = 1; lastKnownFileType = text.xcconfig; name = "Pods-WTests.release.xcconfig"; path = "Pods/Target Support Files/Pods-WTests/Pods-WTests.release.xcconfig"; sourceTree = "<group>"; };
		2D1B286091EE19E9E4D85357 /* Pods_WUITests.framework */ = {isa = PBXFileReference; explicitFileType = wrapper.framework; includeInIndex = 0; path = Pods_WUITests.framework; sourceTree = BUILT_PRODUCTS_DIR; };
		8329652E212813A9006D2B05 /* W.app */ = {isa = PBXFileReference; explicitFileType = wrapper.application; includeInIndex = 0; path = W.app; sourceTree = BUILT_PRODUCTS_DIR; };
		83296531212813A9006D2B05 /* AppDelegate.swift */ = {isa = PBXFileReference; lastKnownFileType = sourcecode.swift; path = AppDelegate.swift; sourceTree = "<group>"; };
		83296533212813A9006D2B05 /* ViewController.swift */ = {isa = PBXFileReference; lastKnownFileType = sourcecode.swift; path = ViewController.swift; sourceTree = "<group>"; };
		83296538212813AA006D2B05 /* Assets.xcassets */ = {isa = PBXFileReference; lastKnownFileType = folder.assetcatalog; path = Assets.xcassets; sourceTree = "<group>"; };
		8329653B212813AA006D2B05 /* Base */ = {isa = PBXFileReference; lastKnownFileType = file.storyboard; name = Base; path = Base.lproj/LaunchScreen.storyboard; sourceTree = "<group>"; };
		8329653D212813AA006D2B05 /* Info.plist */ = {isa = PBXFileReference; lastKnownFileType = text.plist.xml; path = Info.plist; sourceTree = "<group>"; };
		83296542212813AA006D2B05 /* WTests.xctest */ = {isa = PBXFileReference; explicitFileType = wrapper.cfbundle; includeInIndex = 0; path = WTests.xctest; sourceTree = BUILT_PRODUCTS_DIR; };
		83296546212813AA006D2B05 /* WTests.swift */ = {isa = PBXFileReference; lastKnownFileType = sourcecode.swift; path = WTests.swift; sourceTree = "<group>"; };
		83296548212813AA006D2B05 /* Info.plist */ = {isa = PBXFileReference; lastKnownFileType = text.plist.xml; path = Info.plist; sourceTree = "<group>"; };
		8329654D212813AA006D2B05 /* WUITests.xctest */ = {isa = PBXFileReference; explicitFileType = wrapper.cfbundle; includeInIndex = 0; path = WUITests.xctest; sourceTree = BUILT_PRODUCTS_DIR; };
		83296551212813AA006D2B05 /* WUITests.swift */ = {isa = PBXFileReference; lastKnownFileType = sourcecode.swift; path = WUITests.swift; sourceTree = "<group>"; };
		83296553212813AA006D2B05 /* Info.plist */ = {isa = PBXFileReference; lastKnownFileType = text.plist.xml; path = Info.plist; sourceTree = "<group>"; };
		8329658621281419006D2B05 /* Main.storyboard */ = {isa = PBXFileReference; fileEncoding = 4; lastKnownFileType = file.storyboard; path = Main.storyboard; sourceTree = "<group>"; };
		8329658821281513006D2B05 /* AppConfig.swift */ = {isa = PBXFileReference; lastKnownFileType = sourcecode.swift; path = AppConfig.swift; sourceTree = "<group>"; };
		83478E972128262C00398053 /* TrainingSessionsViewController.swift */ = {isa = PBXFileReference; lastKnownFileType = sourcecode.swift; path = TrainingSessionsViewController.swift; sourceTree = "<group>"; };
		83478E9921282A7500398053 /* TrainingSessionClient.swift */ = {isa = PBXFileReference; lastKnownFileType = sourcecode.swift; path = TrainingSessionClient.swift; sourceTree = "<group>"; };
		83478E9D21282C0A00398053 /* TrainingSessionsViewControllerSpec.swift */ = {isa = PBXFileReference; lastKnownFileType = sourcecode.swift; path = TrainingSessionsViewControllerSpec.swift; sourceTree = "<group>"; };
		83478EA02128306E00398053 /* MockTrainingSessionClient.swift */ = {isa = PBXFileReference; lastKnownFileType = sourcecode.swift; path = MockTrainingSessionClient.swift; sourceTree = "<group>"; };
		83478EA42128358000398053 /* TrainingSessionTableCell.xib */ = {isa = PBXFileReference; lastKnownFileType = file.xib; path = TrainingSessionTableCell.xib; sourceTree = "<group>"; };
		83478EA62128379D00398053 /* TrainingSession.swift */ = {isa = PBXFileReference; lastKnownFileType = sourcecode.swift; path = TrainingSession.swift; sourceTree = "<group>"; };
		83478EA82129645100398053 /* TrainingSessionClientSpec.swift */ = {isa = PBXFileReference; lastKnownFileType = sourcecode.swift; path = TrainingSessionClientSpec.swift; sourceTree = "<group>"; };
		83944A08212C124100377CA5 /* TrainingSessionTableViewCell.swift */ = {isa = PBXFileReference; lastKnownFileType = sourcecode.swift; path = TrainingSessionTableViewCell.swift; sourceTree = "<group>"; };
		8622A34FC4BB1037C5BF4FDC /* Pods-WUITests.release.xcconfig */ = {isa = PBXFileReference; includeInIndex = 1; lastKnownFileType = text.xcconfig; name = "Pods-WUITests.release.xcconfig"; path = "Pods/Target Support Files/Pods-WUITests/Pods-WUITests.release.xcconfig"; sourceTree = "<group>"; };
		A365A6F43F8BD86D14594C2C /* Pods-WUITests.debug.xcconfig */ = {isa = PBXFileReference; includeInIndex = 1; lastKnownFileType = text.xcconfig; name = "Pods-WUITests.debug.xcconfig"; path = "Pods/Target Support Files/Pods-WUITests/Pods-WUITests.debug.xcconfig"; sourceTree = "<group>"; };
		AF0842102B8F5AB61FD65A1D /* Pods-W.release.xcconfig */ = {isa = PBXFileReference; includeInIndex = 1; lastKnownFileType = text.xcconfig; name = "Pods-W.release.xcconfig"; path = "Pods/Target Support Files/Pods-W/Pods-W.release.xcconfig"; sourceTree = "<group>"; };
		B06852C3CA215FD88BF79B4F /* Pods-W.debug.xcconfig */ = {isa = PBXFileReference; includeInIndex = 1; lastKnownFileType = text.xcconfig; name = "Pods-W.debug.xcconfig"; path = "Pods/Target Support Files/Pods-W/Pods-W.debug.xcconfig"; sourceTree = "<group>"; };
		BEFA6DB62B00286047645816 /* Pods_WTests.framework */ = {isa = PBXFileReference; explicitFileType = wrapper.framework; includeInIndex = 0; path = Pods_WTests.framework; sourceTree = BUILT_PRODUCTS_DIR; };
		CCAE09522D899DDBC9301571 /* Pods_W.framework */ = {isa = PBXFileReference; explicitFileType = wrapper.framework; includeInIndex = 0; path = Pods_W.framework; sourceTree = BUILT_PRODUCTS_DIR; };
		D4A693F2ED35E2E0AD73C820 /* Pods-WTests.debug.xcconfig */ = {isa = PBXFileReference; includeInIndex = 1; lastKnownFileType = text.xcconfig; name = "Pods-WTests.debug.xcconfig"; path = "Pods/Target Support Files/Pods-WTests/Pods-WTests.debug.xcconfig"; sourceTree = "<group>"; };
/* End PBXFileReference section */

/* Begin PBXFrameworksBuildPhase section */
		8329652B212813A9006D2B05 /* Frameworks */ = {
			isa = PBXFrameworksBuildPhase;
			buildActionMask = 2147483647;
			files = (
				A561B79F002B01AF494F66CC /* Pods_W.framework in Frameworks */,
			);
			runOnlyForDeploymentPostprocessing = 0;
		};
		8329653F212813AA006D2B05 /* Frameworks */ = {
			isa = PBXFrameworksBuildPhase;
			buildActionMask = 2147483647;
			files = (
				46D655ADAEE77A0A73EFD7E6 /* Pods_WTests.framework in Frameworks */,
			);
			runOnlyForDeploymentPostprocessing = 0;
		};
		8329654A212813AA006D2B05 /* Frameworks */ = {
			isa = PBXFrameworksBuildPhase;
			buildActionMask = 2147483647;
			files = (
				FAB1A1071928CD400A86BD10 /* Pods_WUITests.framework in Frameworks */,
			);
			runOnlyForDeploymentPostprocessing = 0;
		};
/* End PBXFrameworksBuildPhase section */

/* Begin PBXGroup section */
		83296525212813A9006D2B05 = {
			isa = PBXGroup;
			children = (
				83296530212813A9006D2B05 /* W */,
				83296545212813AA006D2B05 /* WTests */,
				83296550212813AA006D2B05 /* WUITests */,
				8329652F212813A9006D2B05 /* Products */,
				EFE68BE89FA8ED219AFA58A1 /* Pods */,
				8D1D797CAE2E769E427FD0FC /* Frameworks */,
			);
			sourceTree = "<group>";
		};
		8329652F212813A9006D2B05 /* Products */ = {
			isa = PBXGroup;
			children = (
				8329652E212813A9006D2B05 /* W.app */,
				83296542212813AA006D2B05 /* WTests.xctest */,
				8329654D212813AA006D2B05 /* WUITests.xctest */,
			);
			name = Products;
			sourceTree = "<group>";
		};
		83296530212813A9006D2B05 /* W */ = {
			isa = PBXGroup;
			children = (
				83478EA32128356800398053 /* Views */,
				83478E92212825E200398053 /* Stores */,
				83478E91212825DC00398053 /* Models */,
				83478E90212825D500398053 /* Controllers */,
				83296531212813A9006D2B05 /* AppDelegate.swift */,
				83296533212813A9006D2B05 /* ViewController.swift */,
				8329658621281419006D2B05 /* Main.storyboard */,
				83296538212813AA006D2B05 /* Assets.xcassets */,
				8329653A212813AA006D2B05 /* LaunchScreen.storyboard */,
				8329658821281513006D2B05 /* AppConfig.swift */,
				8329653D212813AA006D2B05 /* Info.plist */,
			);
			path = W;
			sourceTree = "<group>";
		};
		83296545212813AA006D2B05 /* WTests */ = {
			isa = PBXGroup;
			children = (
				83478E9F2128305800398053 /* Mocks */,
				83478E96212825FD00398053 /* Controllers */,
				83478E95212825F800398053 /* Models */,
				83478E93212825ED00398053 /* Stores */,
				83296546212813AA006D2B05 /* WTests.swift */,
				83296548212813AA006D2B05 /* Info.plist */,
			);
			path = WTests;
			sourceTree = "<group>";
		};
		83296550212813AA006D2B05 /* WUITests */ = {
			isa = PBXGroup;
			children = (
				83296551212813AA006D2B05 /* WUITests.swift */,
				83296553212813AA006D2B05 /* Info.plist */,
			);
			path = WUITests;
			sourceTree = "<group>";
		};
		83478E90212825D500398053 /* Controllers */ = {
			isa = PBXGroup;
			children = (
				83478E972128262C00398053 /* TrainingSessionsViewController.swift */,
			);
			path = Controllers;
			sourceTree = "<group>";
		};
		83478E91212825DC00398053 /* Models */ = {
			isa = PBXGroup;
			children = (
				83478EA62128379D00398053 /* TrainingSession.swift */,
			);
			path = Models;
			sourceTree = "<group>";
		};
		83478E92212825E200398053 /* Stores */ = {
			isa = PBXGroup;
			children = (
				83478E9921282A7500398053 /* TrainingSessionClient.swift */,
			);
			path = Stores;
			sourceTree = "<group>";
		};
		83478E93212825ED00398053 /* Stores */ = {
			isa = PBXGroup;
			children = (
				83478EA82129645100398053 /* TrainingSessionClientSpec.swift */,
			);
			path = Stores;
			sourceTree = "<group>";
		};
		83478E95212825F800398053 /* Models */ = {
			isa = PBXGroup;
			children = (
			);
			path = Models;
			sourceTree = "<group>";
		};
		83478E96212825FD00398053 /* Controllers */ = {
			isa = PBXGroup;
			children = (
				83478E9D21282C0A00398053 /* TrainingSessionsViewControllerSpec.swift */,
			);
			path = Controllers;
			sourceTree = "<group>";
		};
		83478E9F2128305800398053 /* Mocks */ = {
			isa = PBXGroup;
			children = (
				83478EA02128306E00398053 /* MockTrainingSessionClient.swift */,
			);
			path = Mocks;
			sourceTree = "<group>";
		};
		83478EA32128356800398053 /* Views */ = {
			isa = PBXGroup;
			children = (
				83478EA42128358000398053 /* TrainingSessionTableCell.xib */,
				83944A08212C124100377CA5 /* TrainingSessionTableViewCell.swift */,
			);
			path = Views;
			sourceTree = "<group>";
		};
		8D1D797CAE2E769E427FD0FC /* Frameworks */ = {
			isa = PBXGroup;
			children = (
				CCAE09522D899DDBC9301571 /* Pods_W.framework */,
				BEFA6DB62B00286047645816 /* Pods_WTests.framework */,
				2D1B286091EE19E9E4D85357 /* Pods_WUITests.framework */,
			);
			name = Frameworks;
			sourceTree = "<group>";
		};
		EFE68BE89FA8ED219AFA58A1 /* Pods */ = {
			isa = PBXGroup;
			children = (
				B06852C3CA215FD88BF79B4F /* Pods-W.debug.xcconfig */,
				AF0842102B8F5AB61FD65A1D /* Pods-W.release.xcconfig */,
				D4A693F2ED35E2E0AD73C820 /* Pods-WTests.debug.xcconfig */,
				1F9DC2C43E46A4414620FB2A /* Pods-WTests.release.xcconfig */,
				A365A6F43F8BD86D14594C2C /* Pods-WUITests.debug.xcconfig */,
				8622A34FC4BB1037C5BF4FDC /* Pods-WUITests.release.xcconfig */,
			);
			name = Pods;
			sourceTree = "<group>";
		};
/* End PBXGroup section */

/* Begin PBXNativeTarget section */
		8329652D212813A9006D2B05 /* W */ = {
			isa = PBXNativeTarget;
			buildConfigurationList = 83296556212813AA006D2B05 /* Build configuration list for PBXNativeTarget "W" */;
			buildPhases = (
				9CB9E03620ABFDAE4BE3E6A1 /* [CP] Check Pods Manifest.lock */,
				8329652A212813A9006D2B05 /* Sources */,
				8329652B212813A9006D2B05 /* Frameworks */,
				8329652C212813A9006D2B05 /* Resources */,
				9D600A73FD4A0D0DD2C11E62 /* [CP] Embed Pods Frameworks */,
			);
			buildRules = (
			);
			dependencies = (
			);
			name = W;
			productName = W;
			productReference = 8329652E212813A9006D2B05 /* W.app */;
			productType = "com.apple.product-type.application";
		};
		83296541212813AA006D2B05 /* WTests */ = {
			isa = PBXNativeTarget;
			buildConfigurationList = 83296559212813AA006D2B05 /* Build configuration list for PBXNativeTarget "WTests" */;
			buildPhases = (
				EB0B441AABF5300BCF4724D5 /* [CP] Check Pods Manifest.lock */,
				8329653E212813AA006D2B05 /* Sources */,
				8329653F212813AA006D2B05 /* Frameworks */,
				83296540212813AA006D2B05 /* Resources */,
				D188818ED356FEA31A905553 /* [CP] Embed Pods Frameworks */,
			);
			buildRules = (
			);
			dependencies = (
				83296544212813AA006D2B05 /* PBXTargetDependency */,
			);
			name = WTests;
			productName = WTests;
			productReference = 83296542212813AA006D2B05 /* WTests.xctest */;
			productType = "com.apple.product-type.bundle.unit-test";
		};
		8329654C212813AA006D2B05 /* WUITests */ = {
			isa = PBXNativeTarget;
			buildConfigurationList = 8329655C212813AA006D2B05 /* Build configuration list for PBXNativeTarget "WUITests" */;
			buildPhases = (
				DC14AA8864DFAA5E5BA10755 /* [CP] Check Pods Manifest.lock */,
				83296549212813AA006D2B05 /* Sources */,
				8329654A212813AA006D2B05 /* Frameworks */,
				8329654B212813AA006D2B05 /* Resources */,
			);
			buildRules = (
			);
			dependencies = (
				8329654F212813AA006D2B05 /* PBXTargetDependency */,
			);
			name = WUITests;
			productName = WUITests;
			productReference = 8329654D212813AA006D2B05 /* WUITests.xctest */;
			productType = "com.apple.product-type.bundle.ui-testing";
		};
/* End PBXNativeTarget section */

/* Begin PBXProject section */
		83296526212813A9006D2B05 /* Project object */ = {
			isa = PBXProject;
			attributes = {
				LastSwiftUpdateCheck = 0940;
				LastUpgradeCheck = 0940;
				ORGANIZATIONNAME = yewwee;
				TargetAttributes = {
					8329652D212813A9006D2B05 = {
						CreatedOnToolsVersion = 9.4.1;
					};
					83296541212813AA006D2B05 = {
						CreatedOnToolsVersion = 9.4.1;
						TestTargetID = 8329652D212813A9006D2B05;
					};
					8329654C212813AA006D2B05 = {
						CreatedOnToolsVersion = 9.4.1;
						TestTargetID = 8329652D212813A9006D2B05;
					};
				};
			};
			buildConfigurationList = 83296529212813A9006D2B05 /* Build configuration list for PBXProject "W" */;
			compatibilityVersion = "Xcode 9.3";
			developmentRegion = en;
			hasScannedForEncodings = 0;
			knownRegions = (
				en,
				Base,
			);
			mainGroup = 83296525212813A9006D2B05;
			productRefGroup = 8329652F212813A9006D2B05 /* Products */;
			projectDirPath = "";
			projectRoot = "";
			targets = (
				8329652D212813A9006D2B05 /* W */,
				83296541212813AA006D2B05 /* WTests */,
				8329654C212813AA006D2B05 /* WUITests */,
			);
		};
/* End PBXProject section */

/* Begin PBXResourcesBuildPhase section */
		8329652C212813A9006D2B05 /* Resources */ = {
			isa = PBXResourcesBuildPhase;
			buildActionMask = 2147483647;
			files = (
				8329658721281419006D2B05 /* Main.storyboard in Resources */,
				83478EA52128358000398053 /* TrainingSessionTableCell.xib in Resources */,
				8329653C212813AA006D2B05 /* LaunchScreen.storyboard in Resources */,
				83296539212813AA006D2B05 /* Assets.xcassets in Resources */,
			);
			runOnlyForDeploymentPostprocessing = 0;
		};
		83296540212813AA006D2B05 /* Resources */ = {
			isa = PBXResourcesBuildPhase;
			buildActionMask = 2147483647;
			files = (
			);
			runOnlyForDeploymentPostprocessing = 0;
		};
		8329654B212813AA006D2B05 /* Resources */ = {
			isa = PBXResourcesBuildPhase;
			buildActionMask = 2147483647;
			files = (
			);
			runOnlyForDeploymentPostprocessing = 0;
		};
/* End PBXResourcesBuildPhase section */

/* Begin PBXShellScriptBuildPhase section */
		9CB9E03620ABFDAE4BE3E6A1 /* [CP] Check Pods Manifest.lock */ = {
			isa = PBXShellScriptBuildPhase;
			buildActionMask = 2147483647;
			files = (
			);
			inputPaths = (
				"${PODS_PODFILE_DIR_PATH}/Podfile.lock",
				"${PODS_ROOT}/Manifest.lock",
			);
			name = "[CP] Check Pods Manifest.lock";
			outputPaths = (
				"$(DERIVED_FILE_DIR)/Pods-W-checkManifestLockResult.txt",
			);
			runOnlyForDeploymentPostprocessing = 0;
			shellPath = /bin/sh;
			shellScript = "diff \"${PODS_PODFILE_DIR_PATH}/Podfile.lock\" \"${PODS_ROOT}/Manifest.lock\" > /dev/null\nif [ $? != 0 ] ; then\n    # print error to STDERR\n    echo \"error: The sandbox is not in sync with the Podfile.lock. Run 'pod install' or update your CocoaPods installation.\" >&2\n    exit 1\nfi\n# This output is used by Xcode 'outputs' to avoid re-running this script phase.\necho \"SUCCESS\" > \"${SCRIPT_OUTPUT_FILE_0}\"\n";
			showEnvVarsInLog = 0;
		};
		9D600A73FD4A0D0DD2C11E62 /* [CP] Embed Pods Frameworks */ = {
			isa = PBXShellScriptBuildPhase;
			buildActionMask = 2147483647;
			files = (
			);
			inputPaths = (
				"${SRCROOT}/Pods/Target Support Files/Pods-W/Pods-W-frameworks.sh",
				"${BUILT_PRODUCTS_DIR}/Alamofire/Alamofire.framework",
				"${BUILT_PRODUCTS_DIR}/SwiftyJSON/SwiftyJSON.framework",
			);
			name = "[CP] Embed Pods Frameworks";
			outputPaths = (
				"${TARGET_BUILD_DIR}/${FRAMEWORKS_FOLDER_PATH}/Alamofire.framework",
				"${TARGET_BUILD_DIR}/${FRAMEWORKS_FOLDER_PATH}/SwiftyJSON.framework",
			);
			runOnlyForDeploymentPostprocessing = 0;
			shellPath = /bin/sh;
			shellScript = "\"${SRCROOT}/Pods/Target Support Files/Pods-W/Pods-W-frameworks.sh\"\n";
			showEnvVarsInLog = 0;
		};
		D188818ED356FEA31A905553 /* [CP] Embed Pods Frameworks */ = {
			isa = PBXShellScriptBuildPhase;
			buildActionMask = 2147483647;
			files = (
			);
			inputPaths = (
				"${SRCROOT}/Pods/Target Support Files/Pods-WTests/Pods-WTests-frameworks.sh",
				"${BUILT_PRODUCTS_DIR}/Nimble/Nimble.framework",
				"${BUILT_PRODUCTS_DIR}/OHHTTPStubs/OHHTTPStubs.framework",
				"${BUILT_PRODUCTS_DIR}/Quick/Quick.framework",
			);
			name = "[CP] Embed Pods Frameworks";
			outputPaths = (
				"${TARGET_BUILD_DIR}/${FRAMEWORKS_FOLDER_PATH}/Nimble.framework",
				"${TARGET_BUILD_DIR}/${FRAMEWORKS_FOLDER_PATH}/OHHTTPStubs.framework",
				"${TARGET_BUILD_DIR}/${FRAMEWORKS_FOLDER_PATH}/Quick.framework",
			);
			runOnlyForDeploymentPostprocessing = 0;
			shellPath = /bin/sh;
			shellScript = "\"${SRCROOT}/Pods/Target Support Files/Pods-WTests/Pods-WTests-frameworks.sh\"\n";
			showEnvVarsInLog = 0;
		};
		DC14AA8864DFAA5E5BA10755 /* [CP] Check Pods Manifest.lock */ = {
			isa = PBXShellScriptBuildPhase;
			buildActionMask = 2147483647;
			files = (
			);
			inputPaths = (
				"${PODS_PODFILE_DIR_PATH}/Podfile.lock",
				"${PODS_ROOT}/Manifest.lock",
			);
			name = "[CP] Check Pods Manifest.lock";
			outputPaths = (
				"$(DERIVED_FILE_DIR)/Pods-WUITests-checkManifestLockResult.txt",
			);
			runOnlyForDeploymentPostprocessing = 0;
			shellPath = /bin/sh;
			shellScript = "diff \"${PODS_PODFILE_DIR_PATH}/Podfile.lock\" \"${PODS_ROOT}/Manifest.lock\" > /dev/null\nif [ $? != 0 ] ; then\n    # print error to STDERR\n    echo \"error: The sandbox is not in sync with the Podfile.lock. Run 'pod install' or update your CocoaPods installation.\" >&2\n    exit 1\nfi\n# This output is used by Xcode 'outputs' to avoid re-running this script phase.\necho \"SUCCESS\" > \"${SCRIPT_OUTPUT_FILE_0}\"\n";
			showEnvVarsInLog = 0;
		};
		EB0B441AABF5300BCF4724D5 /* [CP] Check Pods Manifest.lock */ = {
			isa = PBXShellScriptBuildPhase;
			buildActionMask = 2147483647;
			files = (
			);
			inputPaths = (
				"${PODS_PODFILE_DIR_PATH}/Podfile.lock",
				"${PODS_ROOT}/Manifest.lock",
			);
			name = "[CP] Check Pods Manifest.lock";
			outputPaths = (
				"$(DERIVED_FILE_DIR)/Pods-WTests-checkManifestLockResult.txt",
			);
			runOnlyForDeploymentPostprocessing = 0;
			shellPath = /bin/sh;
			shellScript = "diff \"${PODS_PODFILE_DIR_PATH}/Podfile.lock\" \"${PODS_ROOT}/Manifest.lock\" > /dev/null\nif [ $? != 0 ] ; then\n    # print error to STDERR\n    echo \"error: The sandbox is not in sync with the Podfile.lock. Run 'pod install' or update your CocoaPods installation.\" >&2\n    exit 1\nfi\n# This output is used by Xcode 'outputs' to avoid re-running this script phase.\necho \"SUCCESS\" > \"${SCRIPT_OUTPUT_FILE_0}\"\n";
			showEnvVarsInLog = 0;
		};
/* End PBXShellScriptBuildPhase section */

/* Begin PBXSourcesBuildPhase section */
		8329652A212813A9006D2B05 /* Sources */ = {
			isa = PBXSourcesBuildPhase;
			buildActionMask = 2147483647;
			files = (
				83944A09212C124100377CA5 /* TrainingSessionTableViewCell.swift in Sources */,
				83478E9A21282A7500398053 /* TrainingSessionClient.swift in Sources */,
				8329658921281514006D2B05 /* AppConfig.swift in Sources */,
				83478EA72128379D00398053 /* TrainingSession.swift in Sources */,
				83478E982128262C00398053 /* TrainingSessionsViewController.swift in Sources */,
				83296534212813A9006D2B05 /* ViewController.swift in Sources */,
				83296532212813A9006D2B05 /* AppDelegate.swift in Sources */,
			);
			runOnlyForDeploymentPostprocessing = 0;
		};
		8329653E212813AA006D2B05 /* Sources */ = {
			isa = PBXSourcesBuildPhase;
			buildActionMask = 2147483647;
			files = (
				83478EA92129645100398053 /* TrainingSessionClientSpec.swift in Sources */,
				83478E9E21282C0A00398053 /* TrainingSessionsViewControllerSpec.swift in Sources */,
				83478EA12128306E00398053 /* MockTrainingSessionClient.swift in Sources */,
				83296547212813AA006D2B05 /* WTests.swift in Sources */,
			);
			runOnlyForDeploymentPostprocessing = 0;
		};
		83296549212813AA006D2B05 /* Sources */ = {
			isa = PBXSourcesBuildPhase;
			buildActionMask = 2147483647;
			files = (
				83296552212813AA006D2B05 /* WUITests.swift in Sources */,
			);
			runOnlyForDeploymentPostprocessing = 0;
		};
/* End PBXSourcesBuildPhase section */

/* Begin PBXTargetDependency section */
		83296544212813AA006D2B05 /* PBXTargetDependency */ = {
			isa = PBXTargetDependency;
			target = 8329652D212813A9006D2B05 /* W */;
			targetProxy = 83296543212813AA006D2B05 /* PBXContainerItemProxy */;
		};
		8329654F212813AA006D2B05 /* PBXTargetDependency */ = {
			isa = PBXTargetDependency;
			target = 8329652D212813A9006D2B05 /* W */;
			targetProxy = 8329654E212813AA006D2B05 /* PBXContainerItemProxy */;
		};
/* End PBXTargetDependency section */

/* Begin PBXVariantGroup section */
		8329653A212813AA006D2B05 /* LaunchScreen.storyboard */ = {
			isa = PBXVariantGroup;
			children = (
				8329653B212813AA006D2B05 /* Base */,
			);
			name = LaunchScreen.storyboard;
			sourceTree = "<group>";
		};
/* End PBXVariantGroup section */

/* Begin XCBuildConfiguration section */
		83296554212813AA006D2B05 /* Debug */ = {
			isa = XCBuildConfiguration;
			buildSettings = {
				ALWAYS_SEARCH_USER_PATHS = NO;
				CLANG_ANALYZER_NONNULL = YES;
				CLANG_ANALYZER_NUMBER_OBJECT_CONVERSION = YES_AGGRESSIVE;
				CLANG_CXX_LANGUAGE_STANDARD = "gnu++14";
				CLANG_CXX_LIBRARY = "libc++";
				CLANG_ENABLE_MODULES = YES;
				CLANG_ENABLE_OBJC_ARC = YES;
				CLANG_ENABLE_OBJC_WEAK = YES;
				CLANG_WARN_BLOCK_CAPTURE_AUTORELEASING = YES;
				CLANG_WARN_BOOL_CONVERSION = YES;
				CLANG_WARN_COMMA = YES;
				CLANG_WARN_CONSTANT_CONVERSION = YES;
				CLANG_WARN_DEPRECATED_OBJC_IMPLEMENTATIONS = YES;
				CLANG_WARN_DIRECT_OBJC_ISA_USAGE = YES_ERROR;
				CLANG_WARN_DOCUMENTATION_COMMENTS = YES;
				CLANG_WARN_EMPTY_BODY = YES;
				CLANG_WARN_ENUM_CONVERSION = YES;
				CLANG_WARN_INFINITE_RECURSION = YES;
				CLANG_WARN_INT_CONVERSION = YES;
				CLANG_WARN_NON_LITERAL_NULL_CONVERSION = YES;
				CLANG_WARN_OBJC_IMPLICIT_RETAIN_SELF = YES;
				CLANG_WARN_OBJC_LITERAL_CONVERSION = YES;
				CLANG_WARN_OBJC_ROOT_CLASS = YES_ERROR;
				CLANG_WARN_RANGE_LOOP_ANALYSIS = YES;
				CLANG_WARN_STRICT_PROTOTYPES = YES;
				CLANG_WARN_SUSPICIOUS_MOVE = YES;
				CLANG_WARN_UNGUARDED_AVAILABILITY = YES_AGGRESSIVE;
				CLANG_WARN_UNREACHABLE_CODE = YES;
				CLANG_WARN__DUPLICATE_METHOD_MATCH = YES;
				CODE_SIGN_IDENTITY = "iPhone Developer";
				COPY_PHASE_STRIP = NO;
				DEBUG_INFORMATION_FORMAT = dwarf;
				DEFINES_MODULE = YES;
				ENABLE_STRICT_OBJC_MSGSEND = YES;
				ENABLE_TESTABILITY = YES;
				GCC_C_LANGUAGE_STANDARD = gnu11;
				GCC_DYNAMIC_NO_PIC = NO;
				GCC_NO_COMMON_BLOCKS = YES;
				GCC_OPTIMIZATION_LEVEL = 0;
				GCC_PREPROCESSOR_DEFINITIONS = (
					"DEBUG=1",
					"$(inherited)",
				);
				GCC_WARN_64_TO_32_BIT_CONVERSION = YES;
				GCC_WARN_ABOUT_RETURN_TYPE = YES_ERROR;
				GCC_WARN_UNDECLARED_SELECTOR = YES;
				GCC_WARN_UNINITIALIZED_AUTOS = YES_AGGRESSIVE;
				GCC_WARN_UNUSED_FUNCTION = YES;
				GCC_WARN_UNUSED_VARIABLE = YES;
				IPHONEOS_DEPLOYMENT_TARGET = 11.4;
				MTL_ENABLE_DEBUG_INFO = YES;
				ONLY_ACTIVE_ARCH = YES;
				SDKROOT = iphoneos;
				SWIFT_ACTIVE_COMPILATION_CONDITIONS = DEBUG;
				SWIFT_OPTIMIZATION_LEVEL = "-Onone";
			};
			name = Debug;
		};
		83296555212813AA006D2B05 /* Release */ = {
			isa = XCBuildConfiguration;
			buildSettings = {
				ALWAYS_SEARCH_USER_PATHS = NO;
				CLANG_ANALYZER_NONNULL = YES;
				CLANG_ANALYZER_NUMBER_OBJECT_CONVERSION = YES_AGGRESSIVE;
				CLANG_CXX_LANGUAGE_STANDARD = "gnu++14";
				CLANG_CXX_LIBRARY = "libc++";
				CLANG_ENABLE_MODULES = YES;
				CLANG_ENABLE_OBJC_ARC = YES;
				CLANG_ENABLE_OBJC_WEAK = YES;
				CLANG_WARN_BLOCK_CAPTURE_AUTORELEASING = YES;
				CLANG_WARN_BOOL_CONVERSION = YES;
				CLANG_WARN_COMMA = YES;
				CLANG_WARN_CONSTANT_CONVERSION = YES;
				CLANG_WARN_DEPRECATED_OBJC_IMPLEMENTATIONS = YES;
				CLANG_WARN_DIRECT_OBJC_ISA_USAGE = YES_ERROR;
				CLANG_WARN_DOCUMENTATION_COMMENTS = YES;
				CLANG_WARN_EMPTY_BODY = YES;
				CLANG_WARN_ENUM_CONVERSION = YES;
				CLANG_WARN_INFINITE_RECURSION = YES;
				CLANG_WARN_INT_CONVERSION = YES;
				CLANG_WARN_NON_LITERAL_NULL_CONVERSION = YES;
				CLANG_WARN_OBJC_IMPLICIT_RETAIN_SELF = YES;
				CLANG_WARN_OBJC_LITERAL_CONVERSION = YES;
				CLANG_WARN_OBJC_ROOT_CLASS = YES_ERROR;
				CLANG_WARN_RANGE_LOOP_ANALYSIS = YES;
				CLANG_WARN_STRICT_PROTOTYPES = YES;
				CLANG_WARN_SUSPICIOUS_MOVE = YES;
				CLANG_WARN_UNGUARDED_AVAILABILITY = YES_AGGRESSIVE;
				CLANG_WARN_UNREACHABLE_CODE = YES;
				CLANG_WARN__DUPLICATE_METHOD_MATCH = YES;
				CODE_SIGN_IDENTITY = "iPhone Developer";
				COPY_PHASE_STRIP = NO;
				DEBUG_INFORMATION_FORMAT = "dwarf-with-dsym";
				DEFINES_MODULE = YES;
				ENABLE_NS_ASSERTIONS = NO;
				ENABLE_STRICT_OBJC_MSGSEND = YES;
				GCC_C_LANGUAGE_STANDARD = gnu11;
				GCC_NO_COMMON_BLOCKS = YES;
				GCC_WARN_64_TO_32_BIT_CONVERSION = YES;
				GCC_WARN_ABOUT_RETURN_TYPE = YES_ERROR;
				GCC_WARN_UNDECLARED_SELECTOR = YES;
				GCC_WARN_UNINITIALIZED_AUTOS = YES_AGGRESSIVE;
				GCC_WARN_UNUSED_FUNCTION = YES;
				GCC_WARN_UNUSED_VARIABLE = YES;
				IPHONEOS_DEPLOYMENT_TARGET = 11.4;
				MTL_ENABLE_DEBUG_INFO = NO;
				SDKROOT = iphoneos;
				SWIFT_COMPILATION_MODE = wholemodule;
				SWIFT_OPTIMIZATION_LEVEL = "-O";
				VALIDATE_PRODUCT = YES;
			};
			name = Release;
		};
		83296557212813AA006D2B05 /* Debug */ = {
			isa = XCBuildConfiguration;
			baseConfigurationReference = B06852C3CA215FD88BF79B4F /* Pods-W.debug.xcconfig */;
			buildSettings = {
				ASSETCATALOG_COMPILER_APPICON_NAME = AppIcon;
				CODE_SIGN_STYLE = Automatic;
				DEVELOPMENT_TEAM = WPQCQE4HTE;
				INFOPLIST_FILE = W/Info.plist;
				LD_RUNPATH_SEARCH_PATHS = (
					"$(inherited)",
					"@executable_path/Frameworks",
				);
				PRODUCT_BUNDLE_IDENTIFIER = com.yewwee.W;
				PRODUCT_NAME = "$(TARGET_NAME)";
				SWIFT_VERSION = 4.0;
				TARGETED_DEVICE_FAMILY = "1,2";
			};
			name = Debug;
		};
		83296558212813AA006D2B05 /* Release */ = {
			isa = XCBuildConfiguration;
			baseConfigurationReference = AF0842102B8F5AB61FD65A1D /* Pods-W.release.xcconfig */;
			buildSettings = {
				ASSETCATALOG_COMPILER_APPICON_NAME = AppIcon;
				CODE_SIGN_STYLE = Automatic;
				DEVELOPMENT_TEAM = WPQCQE4HTE;
				INFOPLIST_FILE = W/Info.plist;
				LD_RUNPATH_SEARCH_PATHS = (
					"$(inherited)",
					"@executable_path/Frameworks",
				);
				PRODUCT_BUNDLE_IDENTIFIER = com.yewwee.W;
				PRODUCT_NAME = "$(TARGET_NAME)";
				SWIFT_VERSION = 4.0;
				TARGETED_DEVICE_FAMILY = "1,2";
			};
			name = Release;
		};
		8329655A212813AA006D2B05 /* Debug */ = {
			isa = XCBuildConfiguration;
			baseConfigurationReference = D4A693F2ED35E2E0AD73C820 /* Pods-WTests.debug.xcconfig */;
			buildSettings = {
				ALWAYS_EMBED_SWIFT_STANDARD_LIBRARIES = YES;
				BUNDLE_LOADER = "$(TEST_HOST)";
				CODE_SIGN_STYLE = Automatic;
				DEVELOPMENT_TEAM = WPQCQE4HTE;
				INFOPLIST_FILE = WTests/Info.plist;
				LD_RUNPATH_SEARCH_PATHS = (
					"$(inherited)",
					"@executable_path/Frameworks",
					"@loader_path/Frameworks",
				);
				PRODUCT_BUNDLE_IDENTIFIER = com.yewwee.WTests;
				PRODUCT_NAME = "$(TARGET_NAME)";
				SWIFT_VERSION = 4.0;
				TARGETED_DEVICE_FAMILY = "1,2";
				TEST_HOST = "$(BUILT_PRODUCTS_DIR)/W.app/W";
			};
			name = Debug;
		};
		8329655B212813AA006D2B05 /* Release */ = {
			isa = XCBuildConfiguration;
			baseConfigurationReference = 1F9DC2C43E46A4414620FB2A /* Pods-WTests.release.xcconfig */;
			buildSettings = {
				ALWAYS_EMBED_SWIFT_STANDARD_LIBRARIES = YES;
				BUNDLE_LOADER = "$(TEST_HOST)";
				CODE_SIGN_STYLE = Automatic;
				DEVELOPMENT_TEAM = WPQCQE4HTE;
				INFOPLIST_FILE = WTests/Info.plist;
				LD_RUNPATH_SEARCH_PATHS = (
					"$(inherited)",
					"@executable_path/Frameworks",
					"@loader_path/Frameworks",
				);
				PRODUCT_BUNDLE_IDENTIFIER = com.yewwee.WTests;
				PRODUCT_NAME = "$(TARGET_NAME)";
				SWIFT_VERSION = 4.0;
				TARGETED_DEVICE_FAMILY = "1,2";
				TEST_HOST = "$(BUILT_PRODUCTS_DIR)/W.app/W";
			};
			name = Release;
		};
		8329655D212813AA006D2B05 /* Debug */ = {
			isa = XCBuildConfiguration;
			baseConfigurationReference = A365A6F43F8BD86D14594C2C /* Pods-WUITests.debug.xcconfig */;
			buildSettings = {
				ALWAYS_EMBED_SWIFT_STANDARD_LIBRARIES = YES;
				CODE_SIGN_STYLE = Automatic;
				DEVELOPMENT_TEAM = WPQCQE4HTE;
				INFOPLIST_FILE = WUITests/Info.plist;
				LD_RUNPATH_SEARCH_PATHS = (
					"$(inherited)",
					"@executable_path/Frameworks",
					"@loader_path/Frameworks",
				);
				PRODUCT_BUNDLE_IDENTIFIER = com.yewwee.WUITests;
				PRODUCT_NAME = "$(TARGET_NAME)";
				SWIFT_VERSION = 4.0;
				TARGETED_DEVICE_FAMILY = "1,2";
				TEST_TARGET_NAME = W;
			};
			name = Debug;
		};
		8329655E212813AA006D2B05 /* Release */ = {
			isa = XCBuildConfiguration;
			baseConfigurationReference = 8622A34FC4BB1037C5BF4FDC /* Pods-WUITests.release.xcconfig */;
			buildSettings = {
				ALWAYS_EMBED_SWIFT_STANDARD_LIBRARIES = YES;
				CODE_SIGN_STYLE = Automatic;
				DEVELOPMENT_TEAM = WPQCQE4HTE;
				INFOPLIST_FILE = WUITests/Info.plist;
				LD_RUNPATH_SEARCH_PATHS = (
					"$(inherited)",
					"@executable_path/Frameworks",
					"@loader_path/Frameworks",
				);
				PRODUCT_BUNDLE_IDENTIFIER = com.yewwee.WUITests;
				PRODUCT_NAME = "$(TARGET_NAME)";
				SWIFT_VERSION = 4.0;
				TARGETED_DEVICE_FAMILY = "1,2";
				TEST_TARGET_NAME = W;
			};
			name = Release;
		};
/* End XCBuildConfiguration section */

/* Begin XCConfigurationList section */
		83296529212813A9006D2B05 /* Build configuration list for PBXProject "W" */ = {
			isa = XCConfigurationList;
			buildConfigurations = (
				83296554212813AA006D2B05 /* Debug */,
				83296555212813AA006D2B05 /* Release */,
			);
			defaultConfigurationIsVisible = 0;
			defaultConfigurationName = Release;
		};
		83296556212813AA006D2B05 /* Build configuration list for PBXNativeTarget "W" */ = {
			isa = XCConfigurationList;
			buildConfigurations = (
				83296557212813AA006D2B05 /* Debug */,
				83296558212813AA006D2B05 /* Release */,
			);
			defaultConfigurationIsVisible = 0;
			defaultConfigurationName = Release;
		};
		83296559212813AA006D2B05 /* Build configuration list for PBXNativeTarget "WTests" */ = {
			isa = XCConfigurationList;
			buildConfigurations = (
				8329655A212813AA006D2B05 /* Debug */,
				8329655B212813AA006D2B05 /* Release */,
			);
			defaultConfigurationIsVisible = 0;
			defaultConfigurationName = Release;
		};
		8329655C212813AA006D2B05 /* Build configuration list for PBXNativeTarget "WUITests" */ = {
			isa = XCConfigurationList;
			buildConfigurations = (
				8329655D212813AA006D2B05 /* Debug */,
				8329655E212813AA006D2B05 /* Release */,
			);
			defaultConfigurationIsVisible = 0;
			defaultConfigurationName = Release;
		};
/* End XCConfigurationList section */
	};
	rootObject = 83296526212813A9006D2B05 /* Project object */;
}
